// !$*UTF8*$!
{
	archiveVersion = 1;
	classes = {
	};
	objectVersion = 56;
	objects = {

/* Begin PBXBuildFile section */
		18BCBB0C2BD3137B00838ADF /* sample_twosApp.swift in Sources */ = {isa = PBXBuildFile; fileRef = 18BCBB0B2BD3137B00838ADF /* sample_twosApp.swift */; };
		18BCBB0E2BD3137B00838ADF /* ContentView.swift in Sources */ = {isa = PBXBuildFile; fileRef = 18BCBB0D2BD3137B00838ADF /* ContentView.swift */; };
		18BCBB102BD3137C00838ADF /* Assets.xcassets in Resources */ = {isa = PBXBuildFile; fileRef = 18BCBB0F2BD3137C00838ADF /* Assets.xcassets */; };
		18BCBB132BD3137C00838ADF /* Preview Assets.xcassets in Resources */ = {isa = PBXBuildFile; fileRef = 18BCBB122BD3137C00838ADF /* Preview Assets.xcassets */; };
		18BCBB1B2BD333E700838ADF /* TopBar.swift in Sources */ = {isa = PBXBuildFile; fileRef = 18BCBB1A2BD333E700838ADF /* TopBar.swift */; };
		18BCBB1D2BD334A000838ADF /* BottomBar.swift in Sources */ = {isa = PBXBuildFile; fileRef = 18BCBB1C2BD334A000838ADF /* BottomBar.swift */; };
		18BCBB1F2BD346BB00838ADF /* CenterCard.swift in Sources */ = {isa = PBXBuildFile; fileRef = 18BCBB1E2BD346BB00838ADF /* CenterCard.swift */; };
		18BCBB212BD34DAA00838ADF /* ForcastModalView.swift in Sources */ = {isa = PBXBuildFile; fileRef = 18BCBB202BD34DAA00838ADF /* ForcastModalView.swift */; };
		18BCBB232BD5606C00838ADF /* NotificationModalView.swift in Sources */ = {isa = PBXBuildFile; fileRef = 18BCBB222BD5606C00838ADF /* NotificationModalView.swift */; };
/* End PBXBuildFile section */

/* Begin PBXFileReference section */
		18BCBB082BD3137B00838ADF /* sample-twos.app */ = {isa = PBXFileReference; explicitFileType = wrapper.application; includeInIndex = 0; path = "sample-twos.app"; sourceTree = BUILT_PRODUCTS_DIR; };
		18BCBB0B2BD3137B00838ADF /* sample_twosApp.swift */ = {isa = PBXFileReference; lastKnownFileType = sourcecode.swift; path = sample_twosApp.swift; sourceTree = "<group>"; };
		18BCBB0D2BD3137B00838ADF /* ContentView.swift */ = {isa = PBXFileReference; lastKnownFileType = sourcecode.swift; path = ContentView.swift; sourceTree = "<group>"; };
		18BCBB0F2BD3137C00838ADF /* Assets.xcassets */ = {isa = PBXFileReference; lastKnownFileType = folder.assetcatalog; path = Assets.xcassets; sourceTree = "<group>"; };
		18BCBB122BD3137C00838ADF /* Preview Assets.xcassets */ = {isa = PBXFileReference; lastKnownFileType = folder.assetcatalog; path = "Preview Assets.xcassets"; sourceTree = "<group>"; };
		18BCBB1A2BD333E700838ADF /* TopBar.swift */ = {isa = PBXFileReference; lastKnownFileType = sourcecode.swift; path = TopBar.swift; sourceTree = "<group>"; };
		18BCBB1C2BD334A000838ADF /* BottomBar.swift */ = {isa = PBXFileReference; lastKnownFileType = sourcecode.swift; path = BottomBar.swift; sourceTree = "<group>"; };
		18BCBB1E2BD346BB00838ADF /* CenterCard.swift */ = {isa = PBXFileReference; lastKnownFileType = sourcecode.swift; path = CenterCard.swift; sourceTree = "<group>"; };
		18BCBB202BD34DAA00838ADF /* ForcastModalView.swift */ = {isa = PBXFileReference; lastKnownFileType = sourcecode.swift; path = ForcastModalView.swift; sourceTree = "<group>"; };
		18BCBB222BD5606C00838ADF /* NotificationModalView.swift */ = {isa = PBXFileReference; lastKnownFileType = sourcecode.swift; path = NotificationModalView.swift; sourceTree = "<group>"; };
/* End PBXFileReference section */

/* Begin PBXFrameworksBuildPhase section */
		18BCBB052BD3137B00838ADF /* Frameworks */ = {
			isa = PBXFrameworksBuildPhase;
			buildActionMask = 2147483647;
			files = (
			);
			runOnlyForDeploymentPostprocessing = 0;
		};
/* End PBXFrameworksBuildPhase section */

/* Begin PBXGroup section */
		18BCBAFF2BD3137B00838ADF = {
			isa = PBXGroup;
			children = (
				18BCBB0A2BD3137B00838ADF /* sample-twos */,
				18BCBB092BD3137B00838ADF /* Products */,
			);
			sourceTree = "<group>";
		};
		18BCBB092BD3137B00838ADF /* Products */ = {
			isa = PBXGroup;
			children = (
				18BCBB082BD3137B00838ADF /* sample-twos.app */,
			);
			name = Products;
			sourceTree = "<group>";
		};
		18BCBB0A2BD3137B00838ADF /* sample-twos */ = {
			isa = PBXGroup;
			children = (
				18BCBB242BD5607400838ADF /* Modals */,
				18BCBB0B2BD3137B00838ADF /* sample_twosApp.swift */,
				18BCBB0D2BD3137B00838ADF /* ContentView.swift */,
				18BCBB0F2BD3137C00838ADF /* Assets.xcassets */,
				18BCBB112BD3137C00838ADF /* Preview Content */,
				18BCBB1A2BD333E700838ADF /* TopBar.swift */,
				18BCBB1C2BD334A000838ADF /* BottomBar.swift */,
				18BCBB1E2BD346BB00838ADF /* CenterCard.swift */,
			);
			path = "sample-twos";
			sourceTree = "<group>";
		};
		18BCBB112BD3137C00838ADF /* Preview Content */ = {
			isa = PBXGroup;
			children = (
				18BCBB122BD3137C00838ADF /* Preview Assets.xcassets */,
			);
			path = "Preview Content";
			sourceTree = "<group>";
		};
		18BCBB242BD5607400838ADF /* Modals */ = {
			isa = PBXGroup;
			children = (
				18BCBB202BD34DAA00838ADF /* ForcastModalView.swift */,
				18BCBB222BD5606C00838ADF /* NotificationModalView.swift */,
			);
			path = Modals;
			sourceTree = "<group>";
		};
/* End PBXGroup section */

/* Begin PBXNativeTarget section */
		18BCBB072BD3137B00838ADF /* sample-twos */ = {
			isa = PBXNativeTarget;
			buildConfigurationList = 18BCBB162BD3137C00838ADF /* Build configuration list for PBXNativeTarget "sample-twos" */;
			buildPhases = (
				18BCBB042BD3137B00838ADF /* Sources */,
				18BCBB052BD3137B00838ADF /* Frameworks */,
				18BCBB062BD3137B00838ADF /* Resources */,
			);
			buildRules = (
			);
			dependencies = (
			);
			name = "sample-twos";
			productName = "sample-twos";
			productReference = 18BCBB082BD3137B00838ADF /* sample-twos.app */;
			productType = "com.apple.product-type.application";
		};
/* End PBXNativeTarget section */

/* Begin PBXProject section */
		18BCBB002BD3137B00838ADF /* Project object */ = {
			isa = PBXProject;
			attributes = {
				BuildIndependentTargetsInParallel = 1;
				LastSwiftUpdateCheck = 1520;
				LastUpgradeCheck = 1520;
				TargetAttributes = {
					18BCBB072BD3137B00838ADF = {
						CreatedOnToolsVersion = 15.2;
					};
				};
			};
			buildConfigurationList = 18BCBB032BD3137B00838ADF /* Build configuration list for PBXProject "sample-twos" */;
			compatibilityVersion = "Xcode 14.0";
			developmentRegion = en;
			hasScannedForEncodings = 0;
			knownRegions = (
				en,
				Base,
			);
			mainGroup = 18BCBAFF2BD3137B00838ADF;
			productRefGroup = 18BCBB092BD3137B00838ADF /* Products */;
			projectDirPath = "";
			projectRoot = "";
			targets = (
				18BCBB072BD3137B00838ADF /* sample-twos */,
			);
		};
/* End PBXProject section */

/* Begin PBXResourcesBuildPhase section */
		18BCBB062BD3137B00838ADF /* Resources */ = {
			isa = PBXResourcesBuildPhase;
			buildActionMask = 2147483647;
			files = (
				18BCBB132BD3137C00838ADF /* Preview Assets.xcassets in Resources */,
				18BCBB102BD3137C00838ADF /* Assets.xcassets in Resources */,
			);
			runOnlyForDeploymentPostprocessing = 0;
		};
/* End PBXResourcesBuildPhase section */

/* Begin PBXSourcesBuildPhase section */
		18BCBB042BD3137B00838ADF /* Sources */ = {
			isa = PBXSourcesBuildPhase;
			buildActionMask = 2147483647;
			files = (
				18BCBB1D2BD334A000838ADF /* BottomBar.swift in Sources */,
				18BCBB0E2BD3137B00838ADF /* ContentView.swift in Sources */,
				18BCBB1B2BD333E700838ADF /* TopBar.swift in Sources */,
				18BCBB212BD34DAA00838ADF /* ForcastModalView.swift in Sources */,
				18BCBB1F2BD346BB00838ADF /* CenterCard.swift in Sources */,
				18BCBB0C2BD3137B00838ADF /* sample_twosApp.swift in Sources */,
				18BCBB232BD5606C00838ADF /* NotificationModalView.swift in Sources */,
			);
			runOnlyForDeploymentPostprocessing = 0;
		};
/* End PBXSourcesBuildPhase section */

/* Begin XCBuildConfiguration section */
		18BCBB142BD3137C00838ADF /* Debug */ = {
			isa = XCBuildConfiguration;
			buildSettings = {
				ALWAYS_SEARCH_USER_PATHS = NO;
				ASSETCATALOG_COMPILER_GENERATE_SWIFT_ASSET_SYMBOL_EXTENSIONS = YES;
				CLANG_ANALYZER_NONNULL = YES;
				CLANG_ANALYZER_NUMBER_OBJECT_CONVERSION = YES_AGGRESSIVE;
				CLANG_CXX_LANGUAGE_STANDARD = "gnu++20";
				CLANG_ENABLE_MODULES = YES;
				CLANG_ENABLE_OBJC_ARC = YES;
				CLANG_ENABLE_OBJC_WEAK = YES;
				CLANG_WARN_BLOCK_CAPTURE_AUTORELEASING = YES;
				CLANG_WARN_BOOL_CONVERSION = YES;
				CLANG_WARN_COMMA = YES;
				CLANG_WARN_CONSTANT_CONVERSION = YES;
				CLANG_WARN_DEPRECATED_OBJC_IMPLEMENTATIONS = YES;
				CLANG_WARN_DIRECT_OBJC_ISA_USAGE = YES_ERROR;
				CLANG_WARN_DOCUMENTATION_COMMENTS = YES;
				CLANG_WARN_EMPTY_BODY = YES;
				CLANG_WARN_ENUM_CONVERSION = YES;
				CLANG_WARN_INFINITE_RECURSION = YES;
				CLANG_WARN_INT_CONVERSION = YES;
				CLANG_WARN_NON_LITERAL_NULL_CONVERSION = YES;
				CLANG_WARN_OBJC_IMPLICIT_RETAIN_SELF = YES;
				CLANG_WARN_OBJC_LITERAL_CONVERSION = YES;
				CLANG_WARN_OBJC_ROOT_CLASS = YES_ERROR;
				CLANG_WARN_QUOTED_INCLUDE_IN_FRAMEWORK_HEADER = YES;
				CLANG_WARN_RANGE_LOOP_ANALYSIS = YES;
				CLANG_WARN_STRICT_PROTOTYPES = YES;
				CLANG_WARN_SUSPICIOUS_MOVE = YES;
				CLANG_WARN_UNGUARDED_AVAILABILITY = YES_AGGRESSIVE;
				CLANG_WARN_UNREACHABLE_CODE = YES;
				CLANG_WARN__DUPLICATE_METHOD_MATCH = YES;
				COPY_PHASE_STRIP = NO;
				DEBUG_INFORMATION_FORMAT = dwarf;
				ENABLE_STRICT_OBJC_MSGSEND = YES;
				ENABLE_TESTABILITY = YES;
				ENABLE_USER_SCRIPT_SANDBOXING = YES;
				GCC_C_LANGUAGE_STANDARD = gnu17;
				GCC_DYNAMIC_NO_PIC = NO;
				GCC_NO_COMMON_BLOCKS = YES;
				GCC_OPTIMIZATION_LEVEL = 0;
				GCC_PREPROCESSOR_DEFINITIONS = (
					"DEBUG=1",
					"$(inherited)",
				);
				GCC_WARN_64_TO_32_BIT_CONVERSION = YES;
				GCC_WARN_ABOUT_RETURN_TYPE = YES_ERROR;
				GCC_WARN_UNDECLARED_SELECTOR = YES;
				GCC_WARN_UNINITIALIZED_AUTOS = YES_AGGRESSIVE;
				GCC_WARN_UNUSED_FUNCTION = YES;
				GCC_WARN_UNUSED_VARIABLE = YES;
				IPHONEOS_DEPLOYMENT_TARGET = 17.2;
				LOCALIZATION_PREFERS_STRING_CATALOGS = YES;
				MTL_ENABLE_DEBUG_INFO = INCLUDE_SOURCE;
				MTL_FAST_MATH = YES;
				ONLY_ACTIVE_ARCH = YES;
				SDKROOT = iphoneos;
				SWIFT_ACTIVE_COMPILATION_CONDITIONS = "DEBUG $(inherited)";
				SWIFT_OPTIMIZATION_LEVEL = "-Onone";
			};
			name = Debug;
		};
		18BCBB152BD3137C00838ADF /* Release */ = {
			isa = XCBuildConfiguration;
			buildSettings = {
				ALWAYS_SEARCH_USER_PATHS = NO;
				ASSETCATALOG_COMPILER_GENERATE_SWIFT_ASSET_SYMBOL_EXTENSIONS = YES;
				CLANG_ANALYZER_NONNULL = YES;
				CLANG_ANALYZER_NUMBER_OBJECT_CONVERSION = YES_AGGRESSIVE;
				CLANG_CXX_LANGUAGE_STANDARD = "gnu++20";
				CLANG_ENABLE_MODULES = YES;
				CLANG_ENABLE_OBJC_ARC = YES;
				CLANG_ENABLE_OBJC_WEAK = YES;
				CLANG_WARN_BLOCK_CAPTURE_AUTORELEASING = YES;
				CLANG_WARN_BOOL_CONVERSION = YES;
				CLANG_WARN_COMMA = YES;
				CLANG_WARN_CONSTANT_CONVERSION = YES;
				CLANG_WARN_DEPRECATED_OBJC_IMPLEMENTATIONS = YES;
				CLANG_WARN_DIRECT_OBJC_ISA_USAGE = YES_ERROR;
				CLANG_WARN_DOCUMENTATION_COMMENTS = YES;
				CLANG_WARN_EMPTY_BODY = YES;
				CLANG_WARN_ENUM_CONVERSION = YES;
				CLANG_WARN_INFINITE_RECURSION = YES;
				CLANG_WARN_INT_CONVERSION = YES;
				CLANG_WARN_NON_LITERAL_NULL_CONVERSION = YES;
				CLANG_WARN_OBJC_IMPLICIT_RETAIN_SELF = YES;
				CLANG_WARN_OBJC_LITERAL_CONVERSION = YES;
				CLANG_WARN_OBJC_ROOT_CLASS = YES_ERROR;
				CLANG_WARN_QUOTED_INCLUDE_IN_FRAMEWORK_HEADER = YES;
				CLANG_WARN_RANGE_LOOP_ANALYSIS = YES;
				CLANG_WARN_STRICT_PROTOTYPES = YES;
				CLANG_WARN_SUSPICIOUS_MOVE = YES;
				CLANG_WARN_UNGUARDED_AVAILABILITY = YES_AGGRESSIVE;
				CLANG_WARN_UNREACHABLE_CODE = YES;
				CLANG_WARN__DUPLICATE_METHOD_MATCH = YES;
				COPY_PHASE_STRIP = NO;
				DEBUG_INFORMATION_FORMAT = "dwarf-with-dsym";
				ENABLE_NS_ASSERTIONS = NO;
				ENABLE_STRICT_OBJC_MSGSEND = YES;
				ENABLE_USER_SCRIPT_SANDBOXING = YES;
				GCC_C_LANGUAGE_STANDARD = gnu17;
				GCC_NO_COMMON_BLOCKS = YES;
				GCC_WARN_64_TO_32_BIT_CONVERSION = YES;
				GCC_WARN_ABOUT_RETURN_TYPE = YES_ERROR;
				GCC_WARN_UNDECLARED_SELECTOR = YES;
				GCC_WARN_UNINITIALIZED_AUTOS = YES_AGGRESSIVE;
				GCC_WARN_UNUSED_FUNCTION = YES;
				GCC_WARN_UNUSED_VARIABLE = YES;
				IPHONEOS_DEPLOYMENT_TARGET = 17.2;
				LOCALIZATION_PREFERS_STRING_CATALOGS = YES;
				MTL_ENABLE_DEBUG_INFO = NO;
				MTL_FAST_MATH = YES;
				SDKROOT = iphoneos;
				SWIFT_COMPILATION_MODE = wholemodule;
				VALIDATE_PRODUCT = YES;
			};
			name = Release;
		};
		18BCBB172BD3137C00838ADF /* Debug */ = {
			isa = XCBuildConfiguration;
			buildSettings = {
				ASSETCATALOG_COMPILER_APPICON_NAME = AppIcon;
				ASSETCATALOG_COMPILER_GLOBAL_ACCENT_COLOR_NAME = AccentColor;
				CODE_SIGN_STYLE = Automatic;
				CURRENT_PROJECT_VERSION = 1;
				DEVELOPMENT_ASSET_PATHS = "\"sample-twos/Preview Content\"";
				DEVELOPMENT_TEAM = PJ9XNJSFV9;
				ENABLE_PREVIEWS = YES;
				GENERATE_INFOPLIST_FILE = YES;
				INFOPLIST_KEY_UIApplicationSceneManifest_Generation = YES;
				INFOPLIST_KEY_UIApplicationSupportsIndirectInputEvents = YES;
				INFOPLIST_KEY_UILaunchScreen_Generation = YES;
				INFOPLIST_KEY_UISupportedInterfaceOrientations_iPad = "UIInterfaceOrientationPortrait UIInterfaceOrientationPortraitUpsideDown UIInterfaceOrientationLandscapeLeft UIInterfaceOrientationLandscapeRight";
				INFOPLIST_KEY_UISupportedInterfaceOrientations_iPhone = "UIInterfaceOrientationPortrait UIInterfaceOrientationLandscapeLeft UIInterfaceOrientationLandscapeRight";
				LD_RUNPATH_SEARCH_PATHS = (
					"$(inherited)",
					"@executable_path/Frameworks",
				);
				MARKETING_VERSION = 1.0;
				PRODUCT_BUNDLE_IDENTIFIER = "com.myapp.sample-twos";
				PRODUCT_NAME = "$(TARGET_NAME)";
				SWIFT_EMIT_LOC_STRINGS = YES;
				SWIFT_VERSION = 5.0;
				TARGETED_DEVICE_FAMILY = "1,2";
			};
			name = Debug;
		};
		18BCBB182BD3137C00838ADF /* Release */ = {
			isa = XCBuildConfiguration;
			buildSettings = {
				ASSETCATALOG_COMPILER_APPICON_NAME = AppIcon;
				ASSETCATALOG_COMPILER_GLOBAL_ACCENT_COLOR_NAME = AccentColor;
				CODE_SIGN_STYLE = Automatic;
				CURRENT_PROJECT_VERSION = 1;
				DEVELOPMENT_ASSET_PATHS = "\"sample-twos/Preview Content\"";
				DEVELOPMENT_TEAM = PJ9XNJSFV9;
				ENABLE_PREVIEWS = YES;
				GENERATE_INFOPLIST_FILE = YES;
				INFOPLIST_KEY_UIApplicationSceneManifest_Generation = YES;
				INFOPLIST_KEY_UIApplicationSupportsIndirectInputEvents = YES;
				INFOPLIST_KEY_UILaunchScreen_Generation = YES;
				INFOPLIST_KEY_UISupportedInterfaceOrientations_iPad = "UIInterfaceOrientationPortrait UIInterfaceOrientationPortraitUpsideDown UIInterfaceOrientationLandscapeLeft UIInterfaceOrientationLandscapeRight";
				INFOPLIST_KEY_UISupportedInterfaceOrientations_iPhone = "UIInterfaceOrientationPortrait UIInterfaceOrientationLandscapeLeft UIInterfaceOrientationLandscapeRight";
				LD_RUNPATH_SEARCH_PATHS = (
					"$(inherited)",
					"@executable_path/Frameworks",
				);
				MARKETING_VERSION = 1.0;
				PRODUCT_BUNDLE_IDENTIFIER = "com.myapp.sample-twos";
				PRODUCT_NAME = "$(TARGET_NAME)";
				SWIFT_EMIT_LOC_STRINGS = YES;
				SWIFT_VERSION = 5.0;
				TARGETED_DEVICE_FAMILY = "1,2";
			};
			name = Release;
		};
/* End XCBuildConfiguration section */

/* Begin XCConfigurationList section */
		18BCBB032BD3137B00838ADF /* Build configuration list for PBXProject "sample-twos" */ = {
			isa = XCConfigurationList;
			buildConfigurations = (
				18BCBB142BD3137C00838ADF /* Debug */,
				18BCBB152BD3137C00838ADF /* Release */,
			);
			defaultConfigurationIsVisible = 0;
			defaultConfigurationName = Release;
		};
		18BCBB162BD3137C00838ADF /* Build configuration list for PBXNativeTarget "sample-twos" */ = {
			isa = XCConfigurationList;
			buildConfigurations = (
				18BCBB172BD3137C00838ADF /* Debug */,
				18BCBB182BD3137C00838ADF /* Release */,
			);
			defaultConfigurationIsVisible = 0;
			defaultConfigurationName = Release;
		};
/* End XCConfigurationList section */
	};
	rootObject = 18BCBB002BD3137B00838ADF /* Project object */;
}
